
Microsoft Visual Studio Solution File, Format Version 12.00
# Visual Studio Version 17
VisualStudioVersion = 17.4.33213.308
MinimumVisualStudioVersion = 10.0.40219.1
Project("{9A19103F-16F7-4668-BE54-9A1E7A4F7556}") = "OOTF.Shopping", "OOTF.Shop\OOTF.Shopping.csproj", "{59DB8BC5-6F2F-4F35-B78F-BE53AFFC0C9A}"
EndProject
Global
	GlobalSection(SolutionConfigurationPlatforms) = preSolution
		Debug|Any CPU = Debug|Any CPU
		Release|Any CPU = Release|Any CPU
	EndGlobalSection
	GlobalSection(ProjectConfigurationPlatforms) = postSolution
		{59DB8BC5-6F2F-4F35-B78F-BE53AFFC0C9A}.Debug|Any CPU.ActiveCfg = Debug|Any CPU
		{59DB8BC5-6F2F-4F35-B78F-BE53AFFC0C9A}.Debug|Any CPU.Build.0 = Debug|Any CPU
		{59DB8BC5-6F2F-4F35-B78F-BE53AFFC0C9A}.Release|Any CPU.ActiveCfg = Release|Any CPU
		{59DB8BC5-6F2F-4F35-B78F-BE53AFFC0C9A}.Release|Any CPU.Build.0 = Release|Any CPU
	EndGlobalSection
	GlobalSection(SolutionProperties) = preSolution
		HideSolutionNode = FALSE
	EndGlobalSection
	GlobalSection(ExtensibilityGlobals) = postSolution
		SolutionGuid = {A060320B-42B6-4D34-8A11-65186F592A2A}
	EndGlobalSection
EndGlobal
